
Microsoft Visual Studio Solution File, Format Version 12.00
# Visual Studio Version 17
VisualStudioVersion = 17.12.35707.178
MinimumVisualStudioVersion = 10.0.40219.1
Project("{2150E333-8FDC-42A3-9474-1A3956D46DE8}") = "Source", "Source", "{B2587644-5349-4CE3-B2D1-B308E5C67956}"
EndProject
Project("{2150E333-8FDC-42A3-9474-1A3956D46DE8}") = "API", "API", "{FB7B706E-19A5-48B1-86FD-AA259FAE3AEF}"
EndProject
Project("{2150E333-8FDC-42A3-9474-1A3956D46DE8}") = "Application", "Application", "{B9185222-CBA2-4A42-B86D-F05D4E77CF6E}"
EndProject
Project("{2150E333-8FDC-42A3-9474-1A3956D46DE8}") = "Domain", "Domain", "{7936DEF0-7380-47D9-A7C8-524F470B3769}"
EndProject
Project("{2150E333-8FDC-42A3-9474-1A3956D46DE8}") = "Infra", "Infra", "{B9F7427F-3C88-49A5-8896-7E3FC490AD7B}"
EndProject
Project("{FAE04EC0-301F-11D3-BF4B-00C04F79EFBC}") = "Antlia.API", "Antlia.API\Antlia.API.csproj", "{CCB5E71A-ED86-4428-85B9-7C8F536CAB47}"
EndProject
Project("{FAE04EC0-301F-11D3-BF4B-00C04F79EFBC}") = "Antlia.Application", "Antlia.Application\Antlia.Application.csproj", "{6C3C5E96-7B19-4614-9886-9338F2CBFE3E}"
EndProject
Project("{FAE04EC0-301F-11D3-BF4B-00C04F79EFBC}") = "Antlia.Domain", "Antlia.Domain\Antlia.Domain.csproj", "{0B87E68F-F36C-4D57-A457-000F64A8F92C}"
EndProject
Project("{FAE04EC0-301F-11D3-BF4B-00C04F79EFBC}") = "Antlia.Infra.Data", "Antlia.Infra.Data\Antlia.Infra.Data.csproj", "{4DE4FF37-6F57-4853-ABA9-9EEAB19EC10A}"
EndProject
Project("{FAE04EC0-301F-11D3-BF4B-00C04F79EFBC}") = "Antlia.Infra.IoC", "Antlia.Infra.IoC\Antlia.Infra.IoC.csproj", "{E3CA1816-0919-4AE7-A197-54A17460893A}"
EndProject
Global
	GlobalSection(SolutionConfigurationPlatforms) = preSolution
		Debug|Any CPU = Debug|Any CPU
		Release|Any CPU = Release|Any CPU
	EndGlobalSection
	GlobalSection(ProjectConfigurationPlatforms) = postSolution
		{CCB5E71A-ED86-4428-85B9-7C8F536CAB47}.Debug|Any CPU.ActiveCfg = Debug|Any CPU
		{CCB5E71A-ED86-4428-85B9-7C8F536CAB47}.Debug|Any CPU.Build.0 = Debug|Any CPU
		{CCB5E71A-ED86-4428-85B9-7C8F536CAB47}.Release|Any CPU.ActiveCfg = Release|Any CPU
		{CCB5E71A-ED86-4428-85B9-7C8F536CAB47}.Release|Any CPU.Build.0 = Release|Any CPU
		{6C3C5E96-7B19-4614-9886-9338F2CBFE3E}.Debug|Any CPU.ActiveCfg = Debug|Any CPU
		{6C3C5E96-7B19-4614-9886-9338F2CBFE3E}.Debug|Any CPU.Build.0 = Debug|Any CPU
		{6C3C5E96-7B19-4614-9886-9338F2CBFE3E}.Release|Any CPU.ActiveCfg = Release|Any CPU
		{6C3C5E96-7B19-4614-9886-9338F2CBFE3E}.Release|Any CPU.Build.0 = Release|Any CPU
		{0B87E68F-F36C-4D57-A457-000F64A8F92C}.Debug|Any CPU.ActiveCfg = Debug|Any CPU
		{0B87E68F-F36C-4D57-A457-000F64A8F92C}.Debug|Any CPU.Build.0 = Debug|Any CPU
		{0B87E68F-F36C-4D57-A457-000F64A8F92C}.Release|Any CPU.ActiveCfg = Release|Any CPU
		{0B87E68F-F36C-4D57-A457-000F64A8F92C}.Release|Any CPU.Build.0 = Release|Any CPU
		{4DE4FF37-6F57-4853-ABA9-9EEAB19EC10A}.Debug|Any CPU.ActiveCfg = Debug|Any CPU
		{4DE4FF37-6F57-4853-ABA9-9EEAB19EC10A}.Debug|Any CPU.Build.0 = Debug|Any CPU
		{4DE4FF37-6F57-4853-ABA9-9EEAB19EC10A}.Release|Any CPU.ActiveCfg = Release|Any CPU
		{4DE4FF37-6F57-4853-ABA9-9EEAB19EC10A}.Release|Any CPU.Build.0 = Release|Any CPU
		{E3CA1816-0919-4AE7-A197-54A17460893A}.Debug|Any CPU.ActiveCfg = Debug|Any CPU
		{E3CA1816-0919-4AE7-A197-54A17460893A}.Debug|Any CPU.Build.0 = Debug|Any CPU
		{E3CA1816-0919-4AE7-A197-54A17460893A}.Release|Any CPU.ActiveCfg = Release|Any CPU
		{E3CA1816-0919-4AE7-A197-54A17460893A}.Release|Any CPU.Build.0 = Release|Any CPU
	EndGlobalSection
	GlobalSection(SolutionProperties) = preSolution
		HideSolutionNode = FALSE
	EndGlobalSection
	GlobalSection(NestedProjects) = preSolution
		{FB7B706E-19A5-48B1-86FD-AA259FAE3AEF} = {B2587644-5349-4CE3-B2D1-B308E5C67956}
		{B9185222-CBA2-4A42-B86D-F05D4E77CF6E} = {B2587644-5349-4CE3-B2D1-B308E5C67956}
		{7936DEF0-7380-47D9-A7C8-524F470B3769} = {B2587644-5349-4CE3-B2D1-B308E5C67956}
		{B9F7427F-3C88-49A5-8896-7E3FC490AD7B} = {B2587644-5349-4CE3-B2D1-B308E5C67956}
		{CCB5E71A-ED86-4428-85B9-7C8F536CAB47} = {FB7B706E-19A5-48B1-86FD-AA259FAE3AEF}
		{6C3C5E96-7B19-4614-9886-9338F2CBFE3E} = {B9185222-CBA2-4A42-B86D-F05D4E77CF6E}
		{0B87E68F-F36C-4D57-A457-000F64A8F92C} = {7936DEF0-7380-47D9-A7C8-524F470B3769}
		{4DE4FF37-6F57-4853-ABA9-9EEAB19EC10A} = {B9F7427F-3C88-49A5-8896-7E3FC490AD7B}
		{E3CA1816-0919-4AE7-A197-54A17460893A} = {B9F7427F-3C88-49A5-8896-7E3FC490AD7B}
	EndGlobalSection
EndGlobal
